
Microsoft Visual Studio Solution File, Format Version 12.00
# Visual Studio Version 17
VisualStudioVersion = 17.4.33205.214
MinimumVisualStudioVersion = 10.0.40219.1
Project("{FAE04EC0-301F-11D3-BF4B-00C04F79EFBC}") = "WcfClientTempConvertion", "WcfClientTempConvertion.csproj", "{46F0ACB1-0B9F-4D80-9BC5-6CA5BCCFAF3E}"
EndProject
Global
	GlobalSection(SolutionConfigurationPlatforms) = preSolution
		Debug|Any CPU = Debug|Any CPU
		Release|Any CPU = Release|Any CPU
	EndGlobalSection
	GlobalSection(ProjectConfigurationPlatforms) = postSolution
		{46F0ACB1-0B9F-4D80-9BC5-6CA5BCCFAF3E}.Debug|Any CPU.ActiveCfg = Debug|Any CPU
		{46F0ACB1-0B9F-4D80-9BC5-6CA5BCCFAF3E}.Debug|Any CPU.Build.0 = Debug|Any CPU
		{46F0ACB1-0B9F-4D80-9BC5-6CA5BCCFAF3E}.Release|Any CPU.ActiveCfg = Release|Any CPU
		{46F0ACB1-0B9F-4D80-9BC5-6CA5BCCFAF3E}.Release|Any CPU.Build.0 = Release|Any CPU
	EndGlobalSection
	GlobalSection(SolutionProperties) = preSolution
		HideSolutionNode = FALSE
	EndGlobalSection
	GlobalSection(ExtensibilityGlobals) = postSolution
		SolutionGuid = {24319AAD-3990-4A6B-93FB-B679BE46741E}
	EndGlobalSection
EndGlobal
